# This file is generated by running "yarn install" inside your project.
# Manual changes might be lost - proceed with caution!

__metadata:
  version: 8
  cacheKey: 10c0

"@figma/plugin-typings@npm:^1.119.0":
  version: 1.119.0
  resolution: "@figma/plugin-typings@npm:1.119.0"
  checksum: 10c0/d8aeea3f963c25909606fd20589cfb8710b158de2dd22fc36f683fee3ea3e17f0b4c6e98406ea1d45068d4ae6876ae59ff73c3c80031972558c99eb9719ceab0
  languageName: node
  linkType: hard

"pretendardem_all@workspace:.":
  version: 0.0.0-use.local
  resolution: "pretendardem_all@workspace:."
  dependencies:
    "@figma/plugin-typings": "npm:^1.119.0"
    typescript: "npm:*"
  languageName: unknown
  linkType: soft

"typescript@npm:*":
  version: 4.9.3
  resolution: "typescript@npm:4.9.3"
  bin:
    tsc: bin/tsc
    tsserver: bin/tsserver
  checksum: 10c0/bddcb0794f2b8aa52094b9de9d70848fdf46ccecac68403e1c407dc9f1a4e4e28979887acd648e1917b1144e5d8fbfb4c824309d8806d393b4194aa39c71fe5e
  languageName: node
  linkType: hard

"typescript@patch:typescript@npm%3A*#optional!builtin<compat/typescript>":
  version: 4.9.3
  resolution: "typescript@patch:typescript@npm%3A4.9.3#optional!builtin<compat/typescript>::version=4.9.3&hash=a66ed4"
  bin:
    tsc: bin/tsc
    tsserver: bin/tsserver
  checksum: 10c0/e5a7c3c6b75cf3eb2b6619fdc84f7ee434659413ace558da8b2c7270b21266be689ece5cf8e6bba529cdd3ea36d3c8ddac9c6d63e5f5c5224c1eac8785c92620
  languageName: node
  linkType: hard
